
Microsoft Visual Studio Solution File, Format Version 12.00
# Visual Studio Version 17
VisualStudioVersion = 17.14.36221.1 d17.14
MinimumVisualStudioVersion = 10.0.40219.1
Project("{FAE04EC0-301F-11D3-BF4B-00C04F79EFBC}") = "apis", "apis.csproj", "{D20B560B-81F9-4E51-BFF6-CAF1CBE934BB}"
EndProject
Global
	GlobalSection(SolutionConfigurationPlatforms) = preSolution
		Debug|Any CPU = Debug|Any CPU
		Release|Any CPU = Release|Any CPU
	EndGlobalSection
	GlobalSection(ProjectConfigurationPlatforms) = postSolution
		{D20B560B-81F9-4E51-BFF6-CAF1CBE934BB}.Debug|Any CPU.ActiveCfg = Debug|Any CPU
		{D20B560B-81F9-4E51-BFF6-CAF1CBE934BB}.Debug|Any CPU.Build.0 = Debug|Any CPU
		{D20B560B-81F9-4E51-BFF6-CAF1CBE934BB}.Release|Any CPU.ActiveCfg = Release|Any CPU
		{D20B560B-81F9-4E51-BFF6-CAF1CBE934BB}.Release|Any CPU.Build.0 = Release|Any CPU
	EndGlobalSection
	GlobalSection(SolutionProperties) = preSolution
		HideSolutionNode = FALSE
	EndGlobalSection
	GlobalSection(ExtensibilityGlobals) = postSolution
		SolutionGuid = {DD04248E-3192-4D10-B0D0-13D8BFADCBBD}
	EndGlobalSection
EndGlobal
