
Microsoft Visual Studio Solution File, Format Version 12.00
# Visual Studio Version 17
VisualStudioVersion = 17.14.36221.1
MinimumVisualStudioVersion = 10.0.40219.1
Project("{FAE04EC0-301F-11D3-BF4B-00C04F79EFBC}") = "Backend", "EventManagement.Backend\Backend.csproj", "{21655906-5742-B366-5098-F2DC314159CE}"
EndProject
Project("{FAE04EC0-301F-11D3-BF4B-00C04F79EFBC}") = "Frontend", "EventManagement.Frontend\Frontend.csproj", "{EA2A1E11-E1E8-4546-8D0C-C449FC45AD60}"
EndProject
Project("{FAE04EC0-301F-11D3-BF4B-00C04F79EFBC}") = "EventManagement.Shared", "EventManagement.Shared\EventManagement.Shared.csproj", "{813ACFF6-2BA8-4156-9029-3C2787FEBFB9}"
EndProject
Global
	GlobalSection(SolutionConfigurationPlatforms) = preSolution
		Debug|Any CPU = Debug|Any CPU
		Release|Any CPU = Release|Any CPU
	EndGlobalSection
	GlobalSection(ProjectConfigurationPlatforms) = postSolution
		{21655906-5742-B366-5098-F2DC314159CE}.Debug|Any CPU.ActiveCfg = Debug|Any CPU
		{21655906-5742-B366-5098-F2DC314159CE}.Debug|Any CPU.Build.0 = Debug|Any CPU
		{21655906-5742-B366-5098-F2DC314159CE}.Release|Any CPU.ActiveCfg = Release|Any CPU
		{21655906-5742-B366-5098-F2DC314159CE}.Release|Any CPU.Build.0 = Release|Any CPU
		{EA2A1E11-E1E8-4546-8D0C-C449FC45AD60}.Debug|Any CPU.ActiveCfg = Debug|Any CPU
		{EA2A1E11-E1E8-4546-8D0C-C449FC45AD60}.Debug|Any CPU.Build.0 = Debug|Any CPU
		{EA2A1E11-E1E8-4546-8D0C-C449FC45AD60}.Release|Any CPU.ActiveCfg = Release|Any CPU
		{EA2A1E11-E1E8-4546-8D0C-C449FC45AD60}.Release|Any CPU.Build.0 = Release|Any CPU
		{813ACFF6-2BA8-4156-9029-3C2787FEBFB9}.Debug|Any CPU.ActiveCfg = Debug|Any CPU
		{813ACFF6-2BA8-4156-9029-3C2787FEBFB9}.Debug|Any CPU.Build.0 = Debug|Any CPU
		{813ACFF6-2BA8-4156-9029-3C2787FEBFB9}.Release|Any CPU.ActiveCfg = Release|Any CPU
		{813ACFF6-2BA8-4156-9029-3C2787FEBFB9}.Release|Any CPU.Build.0 = Release|Any CPU
	EndGlobalSection
	GlobalSection(SolutionProperties) = preSolution
		HideSolutionNode = FALSE
	EndGlobalSection
	GlobalSection(ExtensibilityGlobals) = postSolution
		SolutionGuid = {DD04248E-3192-4D10-B0D0-13D8BFADCBBD}
	EndGlobalSection
EndGlobal
